<?xml version="1.0" encoding="utf-8"?>
<Project ToolsVersion="4.0" xmlns="http://schemas.microsoft.com/developer/msbuild/2003">
  <ItemGroup>
    <Filter Include="Source Files">
      <UniqueIdentifier>{4FC737F1-C7A5-4376-A066-2A32D752A2FF}</UniqueIdentifier>
      <Extensions>cpp;c;cc;cxx;def;odl;idl;hpj;bat;asm;asmx</Extensions>
    </Filter>
    <Filter Include="Header Files">
      <UniqueIdentifier>{93995380-89BD-4b04-88EB-625FBE52EBFB}</UniqueIdentifier>
      <Extensions>h;hh;hpp;hxx;hm;inl;inc;xsd</Extensions>
    </Filter>
    <Filter Include="Resource Files">
      <UniqueIdentifier>{67DA6AB6-F800-4c08-8B7A-83BB121AAD01}</UniqueIdentifier>
      <Extensions>rc;ico;cur;bmp;dlg;rc2;rct;bin;rgs;gif;jpg;jpeg;jpe;resx;tiff;tif;png;wav;mfcribbon-ms</Extensions>
    </Filter>
  </ItemGroup>
  <ItemGroup>
    <ClCompile Include="frame.cpp">
      <Filter>Source Files</Filter>
    </ClCompile>
    <ClCompile Include="timer.cpp">
      <Filter>Source Files</Filter>
    </ClCompile>
    <ClCompile Include="main.cpp">
      <Filter>Source Files</Filter>
    </ClCompile>
    <ClCompile Include="tracker.cpp">
      <Filter>Source Files</Filter>
    </ClCompile>
    <ClCompile Include="hunter.cpp">
      <Filter>Source Files</Filter>
    </ClCompile>
    <ClCompile Include="detector.cpp">
      <Filter>Source Files</Filter>
    </ClCompile>
    <ClCompile Include="recognizer.cpp">
      <Filter>Source Files</Filter>
    </ClCompile>
    <ClCompile Include="FrequencyDetector.cpp">
      <Filter>Source Files</Filter>
    </ClCompile>
    <ClCompile Include="phaseDetector.cpp">
      <Filter>Source Files</Filter>
    </ClCompile>
    <ClCompile Include="training_strategy\conjugate_gradient.cpp">
      <Filter>Source Files</Filter>
    </ClCompile>
    <ClCompile Include="training_strategy\evolutionary_algorithm.cpp">
      <Filter>Source Files</Filter>
    </ClCompile>
    <ClCompile Include="training_strategy\gradient_descent.cpp">
      <Filter>Source Files</Filter>
    </ClCompile>
    <ClCompile Include="training_strategy\levenberg_marquardt_algorithm.cpp">
      <Filter>Source Files</Filter>
    </ClCompile>
    <ClCompile Include="training_strategy\newton_method.cpp">
      <Filter>Source Files</Filter>
    </ClCompile>
    <ClCompile Include="training_strategy\quasi_newton_method.cpp">
      <Filter>Source Files</Filter>
    </ClCompile>
    <ClCompile Include="training_strategy\random_search.cpp">
      <Filter>Source Files</Filter>
    </ClCompile>
    <ClCompile Include="training_strategy\training_algorithm.cpp">
      <Filter>Source Files</Filter>
    </ClCompile>
    <ClCompile Include="training_strategy\training_rate_algorithm.cpp">
      <Filter>Source Files</Filter>
    </ClCompile>
    <ClCompile Include="training_strategy\training_strategy.cpp">
      <Filter>Source Files</Filter>
    </ClCompile>
    <ClCompile Include="utilities\linear_algebraic_equations.cpp">
      <Filter>Source Files</Filter>
    </ClCompile>
    <ClCompile Include="utilities\numerical_differentiation.cpp">
      <Filter>Source Files</Filter>
    </ClCompile>
    <ClCompile Include="utilities\numerical_integration.cpp">
      <Filter>Source Files</Filter>
    </ClCompile>
    <ClCompile Include="testing_analysis\function_regression_testing.cpp">
      <Filter>Source Files</Filter>
    </ClCompile>
    <ClCompile Include="testing_analysis\inverse_problem_testing.cpp">
      <Filter>Source Files</Filter>
    </ClCompile>
    <ClCompile Include="testing_analysis\pattern_recognition_testing.cpp">
      <Filter>Source Files</Filter>
    </ClCompile>
    <ClCompile Include="testing_analysis\testing_analysis.cpp">
      <Filter>Source Files</Filter>
    </ClCompile>
    <ClCompile Include="testing_analysis\time_series_prediction_testing.cpp">
      <Filter>Source Files</Filter>
    </ClCompile>
    <ClCompile Include="performance_functional\cross_entropy_error.cpp">
      <Filter>Source Files</Filter>
    </ClCompile>
    <ClCompile Include="performance_functional\final_solutions_error.cpp">
      <Filter>Source Files</Filter>
    </ClCompile>
    <ClCompile Include="performance_functional\independent_parameters_error.cpp">
      <Filter>Source Files</Filter>
    </ClCompile>
    <ClCompile Include="performance_functional\inverse_sum_squared_error.cpp">
      <Filter>Source Files</Filter>
    </ClCompile>
    <ClCompile Include="performance_functional\mean_squared_error.cpp">
      <Filter>Source Files</Filter>
    </ClCompile>
    <ClCompile Include="performance_functional\minkowski_error.cpp">
      <Filter>Source Files</Filter>
    </ClCompile>
    <ClCompile Include="performance_functional\neural_parameters_norm.cpp">
      <Filter>Source Files</Filter>
    </ClCompile>
    <ClCompile Include="performance_functional\normalized_squared_error.cpp">
      <Filter>Source Files</Filter>
    </ClCompile>
    <ClCompile Include="performance_functional\outputs_integrals.cpp">
      <Filter>Source Files</Filter>
    </ClCompile>
    <ClCompile Include="performance_functional\performance_functional.cpp">
      <Filter>Source Files</Filter>
    </ClCompile>
    <ClCompile Include="performance_functional\performance_term.cpp">
      <Filter>Source Files</Filter>
    </ClCompile>
    <ClCompile Include="performance_functional\root_mean_squared_error.cpp">
      <Filter>Source Files</Filter>
    </ClCompile>
    <ClCompile Include="performance_functional\solutions_error.cpp">
      <Filter>Source Files</Filter>
    </ClCompile>
    <ClCompile Include="performance_functional\sum_squared_error.cpp">
      <Filter>Source Files</Filter>
    </ClCompile>
    <ClCompile Include="neural_network\conditions_layer.cpp">
      <Filter>Source Files</Filter>
    </ClCompile>
    <ClCompile Include="neural_network\independent_parameters.cpp">
      <Filter>Source Files</Filter>
    </ClCompile>
    <ClCompile Include="neural_network\inputs_outputs_information.cpp">
      <Filter>Source Files</Filter>
    </ClCompile>
    <ClCompile Include="neural_network\multilayer_perceptron.cpp">
      <Filter>Source Files</Filter>
    </ClCompile>
    <ClCompile Include="neural_network\neural_network.cpp">
      <Filter>Source Files</Filter>
    </ClCompile>
    <ClCompile Include="neural_network\perceptron.cpp">
      <Filter>Source Files</Filter>
    </ClCompile>
    <ClCompile Include="neural_network\perceptron_layer.cpp">
      <Filter>Source Files</Filter>
    </ClCompile>
    <ClCompile Include="neural_network\probabilistic_layer.cpp">
      <Filter>Source Files</Filter>
    </ClCompile>
    <ClCompile Include="neural_network\scaling_layer.cpp">
      <Filter>Source Files</Filter>
    </ClCompile>
    <ClCompile Include="neural_network\unscaling_layer.cpp">
      <Filter>Source Files</Filter>
    </ClCompile>
    <ClCompile Include="model_selection\model_selection.cpp">
      <Filter>Source Files</Filter>
    </ClCompile>
    <ClCompile Include="mathematical_model\mathematical_model.cpp">
      <Filter>Source Files</Filter>
    </ClCompile>
    <ClCompile Include="mathematical_model\ordinary_differential_equations.cpp">
      <Filter>Source Files</Filter>
    </ClCompile>
    <ClCompile Include="mathematical_model\plug_in.cpp">
      <Filter>Source Files</Filter>
    </ClCompile>
    <ClCompile Include="data_set\data_set.cpp">
      <Filter>Source Files</Filter>
    </ClCompile>
    <ClCompile Include="data_set\instances_information.cpp">
      <Filter>Source Files</Filter>
    </ClCompile>
    <ClCompile Include="data_set\variables_information.cpp">
      <Filter>Source Files</Filter>
    </ClCompile>
    <ClCompile Include="..\parsers\tinyxml\tinystr.cpp">
      <Filter>Source Files</Filter>
    </ClCompile>
    <ClCompile Include="..\parsers\tinyxml\tinyxml.cpp">
      <Filter>Source Files</Filter>
    </ClCompile>
    <ClCompile Include="..\parsers\tinyxml\tinyxmlerror.cpp">
      <Filter>Source Files</Filter>
    </ClCompile>
    <ClCompile Include="..\parsers\tinyxml\tinyxmlparser.cpp">
      <Filter>Source Files</Filter>
    </ClCompile>
    <ClCompile Include="neural_network\bounding_layer.cpp">
      <Filter>Source Files</Filter>
    </ClCompile>
    <ClCompile Include="BPNeuralNetwork.cpp">
      <Filter>Source Files</Filter>
    </ClCompile>
    <ClCompile Include="eyeHelperFunctions.cpp">
      <Filter>Source Files</Filter>
    </ClCompile>
    <ClCompile Include="fl_src\Console.cpp">
      <Filter>Source Files</Filter>
    </ClCompile>
    <ClCompile Include="fl_src\Engine.cpp">
      <Filter>Source Files</Filter>
    </ClCompile>
    <ClCompile Include="fl_src\Exception.cpp">
      <Filter>Source Files</Filter>
    </ClCompile>
    <ClCompile Include="fl_src\fuzzylite.cpp">
      <Filter>Source Files</Filter>
    </ClCompile>
    <ClCompile Include="fl_src\Operation.cpp">
      <Filter>Source Files</Filter>
    </ClCompile>
    <ClCompile Include="fl_src\defuzzifier\Bisector.cpp">
      <Filter>Source Files</Filter>
    </ClCompile>
    <ClCompile Include="fl_src\defuzzifier\Centroid.cpp">
      <Filter>Source Files</Filter>
    </ClCompile>
    <ClCompile Include="fl_src\defuzzifier\IntegralDefuzzifier.cpp">
      <Filter>Source Files</Filter>
    </ClCompile>
    <ClCompile Include="fl_src\defuzzifier\LargestOfMaximum.cpp">
      <Filter>Source Files</Filter>
    </ClCompile>
    <ClCompile Include="fl_src\defuzzifier\MeanOfMaximum.cpp">
      <Filter>Source Files</Filter>
    </ClCompile>
    <ClCompile Include="fl_src\defuzzifier\SmallestOfMaximum.cpp">
      <Filter>Source Files</Filter>
    </ClCompile>
    <ClCompile Include="fl_src\defuzzifier\WeightedAverage.cpp">
      <Filter>Source Files</Filter>
    </ClCompile>
    <ClCompile Include="fl_src\defuzzifier\WeightedDefuzzifier.cpp">
      <Filter>Source Files</Filter>
    </ClCompile>
    <ClCompile Include="fl_src\defuzzifier\WeightedSum.cpp">
      <Filter>Source Files</Filter>
    </ClCompile>
    <ClCompile Include="fl_src\factory\CloningFactory.cpp">
      <Filter>Source Files</Filter>
    </ClCompile>
    <ClCompile Include="fl_src\factory\ConstructionFactory.cpp">
      <Filter>Source Files</Filter>
    </ClCompile>
    <ClCompile Include="fl_src\factory\DefuzzifierFactory.cpp">
      <Filter>Source Files</Filter>
    </ClCompile>
    <ClCompile Include="fl_src\factory\FactoryManager.cpp">
      <Filter>Source Files</Filter>
    </ClCompile>
    <ClCompile Include="fl_src\factory\FunctionFactory.cpp">
      <Filter>Source Files</Filter>
    </ClCompile>
    <ClCompile Include="fl_src\factory\HedgeFactory.cpp">
      <Filter>Source Files</Filter>
    </ClCompile>
    <ClCompile Include="fl_src\factory\SNormFactory.cpp">
      <Filter>Source Files</Filter>
    </ClCompile>
    <ClCompile Include="fl_src\factory\TermFactory.cpp">
      <Filter>Source Files</Filter>
    </ClCompile>
    <ClCompile Include="fl_src\factory\TNormFactory.cpp">
      <Filter>Source Files</Filter>
    </ClCompile>
    <ClCompile Include="fl_src\hedge\Any.cpp">
      <Filter>Source Files</Filter>
    </ClCompile>
    <ClCompile Include="fl_src\hedge\Extremely.cpp">
      <Filter>Source Files</Filter>
    </ClCompile>
    <ClCompile Include="fl_src\hedge\Not.cpp">
      <Filter>Source Files</Filter>
    </ClCompile>
    <ClCompile Include="fl_src\hedge\Seldom.cpp">
      <Filter>Source Files</Filter>
    </ClCompile>
    <ClCompile Include="fl_src\hedge\Somewhat.cpp">
      <Filter>Source Files</Filter>
    </ClCompile>
    <ClCompile Include="fl_src\hedge\Very.cpp">
      <Filter>Source Files</Filter>
    </ClCompile>
    <ClCompile Include="fl_src\imex\CppExporter.cpp">
      <Filter>Source Files</Filter>
    </ClCompile>
    <ClCompile Include="fl_src\imex\Exporter.cpp">
      <Filter>Source Files</Filter>
    </ClCompile>
    <ClCompile Include="fl_src\imex\FclExporter.cpp">
      <Filter>Source Files</Filter>
    </ClCompile>
    <ClCompile Include="fl_src\imex\FclImporter.cpp">
      <Filter>Source Files</Filter>
    </ClCompile>
    <ClCompile Include="fl_src\imex\FisExporter.cpp">
      <Filter>Source Files</Filter>
    </ClCompile>
    <ClCompile Include="fl_src\imex\FisImporter.cpp">
      <Filter>Source Files</Filter>
    </ClCompile>
    <ClCompile Include="fl_src\imex\FldExporter.cpp">
      <Filter>Source Files</Filter>
    </ClCompile>
    <ClCompile Include="fl_src\imex\FllExporter.cpp">
      <Filter>Source Files</Filter>
    </ClCompile>
    <ClCompile Include="fl_src\imex\FllImporter.cpp">
      <Filter>Source Files</Filter>
    </ClCompile>
    <ClCompile Include="fl_src\imex\Importer.cpp">
      <Filter>Source Files</Filter>
    </ClCompile>
    <ClCompile Include="fl_src\imex\JavaExporter.cpp">
      <Filter>Source Files</Filter>
    </ClCompile>
    <ClCompile Include="fl_src\norm\s\AlgebraicSum.cpp">
      <Filter>Source Files</Filter>
    </ClCompile>
    <ClCompile Include="fl_src\norm\s\BoundedSum.cpp">
      <Filter>Source Files</Filter>
    </ClCompile>
    <ClCompile Include="fl_src\norm\s\DrasticSum.cpp">
      <Filter>Source Files</Filter>
    </ClCompile>
    <ClCompile Include="fl_src\norm\s\EinsteinSum.cpp">
      <Filter>Source Files</Filter>
    </ClCompile>
    <ClCompile Include="fl_src\norm\s\HamacherSum.cpp">
      <Filter>Source Files</Filter>
    </ClCompile>
    <ClCompile Include="fl_src\norm\s\Maximum.cpp">
      <Filter>Source Files</Filter>
    </ClCompile>
    <ClCompile Include="fl_src\norm\s\NilpotentMaximum.cpp">
      <Filter>Source Files</Filter>
    </ClCompile>
    <ClCompile Include="fl_src\norm\s\NormalizedSum.cpp">
      <Filter>Source Files</Filter>
    </ClCompile>
    <ClCompile Include="fl_src\norm\t\AlgebraicProduct.cpp">
      <Filter>Source Files</Filter>
    </ClCompile>
    <ClCompile Include="fl_src\norm\t\BoundedDifference.cpp">
      <Filter>Source Files</Filter>
    </ClCompile>
    <ClCompile Include="fl_src\norm\t\DrasticProduct.cpp">
      <Filter>Source Files</Filter>
    </ClCompile>
    <ClCompile Include="fl_src\norm\t\EinsteinProduct.cpp">
      <Filter>Source Files</Filter>
    </ClCompile>
    <ClCompile Include="fl_src\norm\t\HamacherProduct.cpp">
      <Filter>Source Files</Filter>
    </ClCompile>
    <ClCompile Include="fl_src\norm\t\Minimum.cpp">
      <Filter>Source Files</Filter>
    </ClCompile>
    <ClCompile Include="fl_src\norm\t\NilpotentMinimum.cpp">
      <Filter>Source Files</Filter>
    </ClCompile>
    <ClCompile Include="fl_src\rule\Antecedent.cpp">
      <Filter>Source Files</Filter>
    </ClCompile>
    <ClCompile Include="fl_src\rule\Consequent.cpp">
      <Filter>Source Files</Filter>
    </ClCompile>
    <ClCompile Include="fl_src\rule\Expression.cpp">
      <Filter>Source Files</Filter>
    </ClCompile>
    <ClCompile Include="fl_src\rule\Rule.cpp">
      <Filter>Source Files</Filter>
    </ClCompile>
    <ClCompile Include="fl_src\rule\RuleBlock.cpp">
      <Filter>Source Files</Filter>
    </ClCompile>
    <ClCompile Include="fl_src\term\Accumulated.cpp">
      <Filter>Source Files</Filter>
    </ClCompile>
    <ClCompile Include="fl_src\term\Activated.cpp">
      <Filter>Source Files</Filter>
    </ClCompile>
    <ClCompile Include="fl_src\term\Bell.cpp">
      <Filter>Source Files</Filter>
    </ClCompile>
    <ClCompile Include="fl_src\term\Concave.cpp">
      <Filter>Source Files</Filter>
    </ClCompile>
    <ClCompile Include="fl_src\term\Constant.cpp">
      <Filter>Source Files</Filter>
    </ClCompile>
    <ClCompile Include="fl_src\term\Cosine.cpp">
      <Filter>Source Files</Filter>
    </ClCompile>
    <ClCompile Include="fl_src\term\Discrete.cpp">
      <Filter>Source Files</Filter>
    </ClCompile>
    <ClCompile Include="fl_src\term\Function.cpp">
      <Filter>Source Files</Filter>
    </ClCompile>
    <ClCompile Include="fl_src\term\Gaussian.cpp">
      <Filter>Source Files</Filter>
    </ClCompile>
    <ClCompile Include="fl_src\term\GaussianProduct.cpp">
      <Filter>Source Files</Filter>
    </ClCompile>
    <ClCompile Include="fl_src\term\Linear.cpp">
      <Filter>Source Files</Filter>
    </ClCompile>
    <ClCompile Include="fl_src\term\PiShape.cpp">
      <Filter>Source Files</Filter>
    </ClCompile>
    <ClCompile Include="fl_src\term\Ramp.cpp">
      <Filter>Source Files</Filter>
    </ClCompile>
    <ClCompile Include="fl_src\term\Rectangle.cpp">
      <Filter>Source Files</Filter>
    </ClCompile>
    <ClCompile Include="fl_src\term\Sigmoid.cpp">
      <Filter>Source Files</Filter>
    </ClCompile>
    <ClCompile Include="fl_src\term\SigmoidDifference.cpp">
      <Filter>Source Files</Filter>
    </ClCompile>
    <ClCompile Include="fl_src\term\SigmoidProduct.cpp">
      <Filter>Source Files</Filter>
    </ClCompile>
    <ClCompile Include="fl_src\term\Spike.cpp">
      <Filter>Source Files</Filter>
    </ClCompile>
    <ClCompile Include="fl_src\term\SShape.cpp">
      <Filter>Source Files</Filter>
    </ClCompile>
    <ClCompile Include="fl_src\term\Term.cpp">
      <Filter>Source Files</Filter>
    </ClCompile>
    <ClCompile Include="fl_src\term\Trapezoid.cpp">
      <Filter>Source Files</Filter>
    </ClCompile>
    <ClCompile Include="fl_src\term\Triangle.cpp">
      <Filter>Source Files</Filter>
    </ClCompile>
    <ClCompile Include="fl_src\term\ZShape.cpp">
      <Filter>Source Files</Filter>
    </ClCompile>
    <ClCompile Include="fl_src\variable\InputVariable.cpp">
      <Filter>Source Files</Filter>
    </ClCompile>
    <ClCompile Include="fl_src\variable\OutputVariable.cpp">
      <Filter>Source Files</Filter>
    </ClCompile>
    <ClCompile Include="fl_src\variable\Variable.cpp">
      <Filter>Source Files</Filter>
    </ClCompile>
  </ItemGroup>
  <ItemGroup>
    <ClInclude Include="frame.h">
      <Filter>Header Files</Filter>
    </ClInclude>
    <ClInclude Include="main.h">
      <Filter>Header Files</Filter>
    </ClInclude>
    <ClInclude Include="timer.h">
      <Filter>Header Files</Filter>
    </ClInclude>
    <ClInclude Include="detector.h">
      <Filter>Header Files</Filter>
    </ClInclude>
    <ClInclude Include="tracker.h">
      <Filter>Header Files</Filter>
    </ClInclude>
    <ClInclude Include="hunter.h">
      <Filter>Header Files</Filter>
    </ClInclude>
    <ClInclude Include="recognizer.h">
      <Filter>Header Files</Filter>
    </ClInclude>
    <ClInclude Include="FrequencyDetector.h">
      <Filter>Header Files</Filter>
    </ClInclude>
    <ClInclude Include="phaseDetector.h">
      <Filter>Header Files</Filter>
    </ClInclude>
    <ClInclude Include="opennn.h">
      <Filter>Header Files</Filter>
    </ClInclude>
    <ClInclude Include="BPNeuralNetwork.h">
      <Filter>Header Files</Filter>
    </ClInclude>
    <ClInclude Include="eyeHelperFunctions.h">
      <Filter>Header Files</Filter>
    </ClInclude>
  </ItemGroup>
</Project>